
Microsoft Visual Studio Solution File, Format Version 12.00
# Visual Studio Version 16
VisualStudioVersion = 16.0.31624.102
MinimumVisualStudioVersion = 10.0.40219.1
Project("{FAE04EC0-301F-11D3-BF4B-00C04F79EFBC}") = "PS4", "PS4\PS4.csproj", "{6B7E6B07-B77D-49C8-966E-195929D8A820}"
EndProject
Global
	GlobalSection(SolutionConfigurationPlatforms) = preSolution
		Debug|Any CPU = Debug|Any CPU
		Release|Any CPU = Release|Any CPU
	EndGlobalSection
	GlobalSection(ProjectConfigurationPlatforms) = postSolution
		{6B7E6B07-B77D-49C8-966E-195929D8A820}.Debug|Any CPU.ActiveCfg = Debug|Any CPU
		{6B7E6B07-B77D-49C8-966E-195929D8A820}.Debug|Any CPU.Build.0 = Debug|Any CPU
		{6B7E6B07-B77D-49C8-966E-195929D8A820}.Release|Any CPU.ActiveCfg = Release|Any CPU
		{6B7E6B07-B77D-49C8-966E-195929D8A820}.Release|Any CPU.Build.0 = Release|Any CPU
	EndGlobalSection
	GlobalSection(SolutionProperties) = preSolution
		HideSolutionNode = FALSE
	EndGlobalSection
	GlobalSection(ExtensibilityGlobals) = postSolution
		SolutionGuid = {19DA3B7A-833A-45CC-B50A-7E548C2C7457}
	EndGlobalSection
EndGlobal
